
Microsoft Visual Studio Solution File, Format Version 12.00
# Visual Studio 2012
Project("{FAE04EC0-301F-11D3-BF4B-00C04F79EFBC}") = "Xamarin.NohanaImagePicker", "Xamarin.NohanaImagePicker\Xamarin.NohanaImagePicker.csproj", "{647EBF8F-2C1D-4E6C-94DD-281DC639D242}"
EndProject
Global
	GlobalSection(SolutionConfigurationPlatforms) = preSolution
		Debug|iPhoneSimulator = Debug|iPhoneSimulator
		Release|iPhone = Release|iPhone
		Release|iPhoneSimulator = Release|iPhoneSimulator
		Debug|iPhone = Debug|iPhone
	EndGlobalSection
	GlobalSection(ProjectConfigurationPlatforms) = postSolution
		{647EBF8F-2C1D-4E6C-94DD-281DC639D242}.Debug|iPhoneSimulator.ActiveCfg = Debug|Any CPU
		{647EBF8F-2C1D-4E6C-94DD-281DC639D242}.Debug|iPhoneSimulator.Build.0 = Debug|Any CPU
		{647EBF8F-2C1D-4E6C-94DD-281DC639D242}.Release|iPhone.ActiveCfg = Release|Any CPU
		{647EBF8F-2C1D-4E6C-94DD-281DC639D242}.Release|iPhone.Build.0 = Release|Any CPU
		{647EBF8F-2C1D-4E6C-94DD-281DC639D242}.Release|iPhoneSimulator.ActiveCfg = Release|Any CPU
		{647EBF8F-2C1D-4E6C-94DD-281DC639D242}.Release|iPhoneSimulator.Build.0 = Release|Any CPU
		{647EBF8F-2C1D-4E6C-94DD-281DC639D242}.Debug|iPhone.ActiveCfg = Debug|Any CPU
		{647EBF8F-2C1D-4E6C-94DD-281DC639D242}.Debug|iPhone.Build.0 = Debug|Any CPU
	EndGlobalSection
EndGlobal
